// !$*UTF8*$!
{
	archiveVersion = 1;
	classes = {
	};
	objectVersion = 56;
	objects = {

/* Begin PBXBuildFile section */
		286093B82C9B2EEB00D0F341 /* RealityKitContent in Frameworks */ = {isa = PBXBuildFile; productRef = 286093B72C9B2EEB00D0F341 /* RealityKitContent */; };
		286093BA2C9B2EEB00D0F341 /* ArDiary2App.swift in Sources */ = {isa = PBXBuildFile; fileRef = 286093B92C9B2EEB00D0F341 /* ArDiary2App.swift */; };
		286093BC2C9B2EEB00D0F341 /* ContentView.swift in Sources */ = {isa = PBXBuildFile; fileRef = 286093BB2C9B2EEB00D0F341 /* ContentView.swift */; };
		286093BE2C9B2EED00D0F341 /* Assets.xcassets in Resources */ = {isa = PBXBuildFile; fileRef = 286093BD2C9B2EED00D0F341 /* Assets.xcassets */; };
		286093C12C9B2EED00D0F341 /* Preview Assets.xcassets in Resources */ = {isa = PBXBuildFile; fileRef = 286093C02C9B2EED00D0F341 /* Preview Assets.xcassets */; };
		286093CC2C9B2EED00D0F341 /* ArDiary2Tests.swift in Sources */ = {isa = PBXBuildFile; fileRef = 286093CB2C9B2EED00D0F341 /* ArDiary2Tests.swift */; };
		286093D62C9B2F1300D0F341 /* PrimaryWindowView.swift in Sources */ = {isa = PBXBuildFile; fileRef = 286093D52C9B2F1300D0F341 /* PrimaryWindowView.swift */; };
		286093D82C9B2F2900D0F341 /* SecondaryWindowView.swift in Sources */ = {isa = PBXBuildFile; fileRef = 286093D72C9B2F2900D0F341 /* SecondaryWindowView.swift */; };
		286093DA2C9B2F3C00D0F341 /* ViewModel.swift in Sources */ = {isa = PBXBuildFile; fileRef = 286093D92C9B2F3C00D0F341 /* ViewModel.swift */; };
		286093DC2C9B367800D0F341 /* NetworkManager.swift in Sources */ = {isa = PBXBuildFile; fileRef = 286093DB2C9B367800D0F341 /* NetworkManager.swift */; };
/* End PBXBuildFile section */

/* Begin PBXContainerItemProxy section */
		286093C82C9B2EED00D0F341 /* PBXContainerItemProxy */ = {
			isa = PBXContainerItemProxy;
			containerPortal = 286093AA2C9B2EEB00D0F341 /* Project object */;
			proxyType = 1;
			remoteGlobalIDString = 286093B12C9B2EEB00D0F341;
			remoteInfo = ArDiary2;
		};
/* End PBXContainerItemProxy section */

/* Begin PBXFileReference section */
		286093B22C9B2EEB00D0F341 /* ArDiary2.app */ = {isa = PBXFileReference; explicitFileType = wrapper.application; includeInIndex = 0; path = ArDiary2.app; sourceTree = BUILT_PRODUCTS_DIR; };
		286093B62C9B2EEB00D0F341 /* RealityKitContent */ = {isa = PBXFileReference; lastKnownFileType = wrapper; path = RealityKitContent; sourceTree = "<group>"; };
		286093B92C9B2EEB00D0F341 /* ArDiary2App.swift */ = {isa = PBXFileReference; lastKnownFileType = sourcecode.swift; path = ArDiary2App.swift; sourceTree = "<group>"; };
		286093BB2C9B2EEB00D0F341 /* ContentView.swift */ = {isa = PBXFileReference; lastKnownFileType = sourcecode.swift; path = ContentView.swift; sourceTree = "<group>"; };
		286093BD2C9B2EED00D0F341 /* Assets.xcassets */ = {isa = PBXFileReference; lastKnownFileType = folder.assetcatalog; path = Assets.xcassets; sourceTree = "<group>"; };
		286093C02C9B2EED00D0F341 /* Preview Assets.xcassets */ = {isa = PBXFileReference; lastKnownFileType = folder.assetcatalog; path = "Preview Assets.xcassets"; sourceTree = "<group>"; };
		286093C22C9B2EED00D0F341 /* Info.plist */ = {isa = PBXFileReference; lastKnownFileType = text.plist.xml; path = Info.plist; sourceTree = "<group>"; };
		286093C72C9B2EED00D0F341 /* ArDiary2Tests.xctest */ = {isa = PBXFileReference; explicitFileType = wrapper.cfbundle; includeInIndex = 0; path = ArDiary2Tests.xctest; sourceTree = BUILT_PRODUCTS_DIR; };
		286093CB2C9B2EED00D0F341 /* ArDiary2Tests.swift */ = {isa = PBXFileReference; lastKnownFileType = sourcecode.swift; path = ArDiary2Tests.swift; sourceTree = "<group>"; };
		286093D52C9B2F1300D0F341 /* PrimaryWindowView.swift */ = {isa = PBXFileReference; lastKnownFileType = sourcecode.swift; path = PrimaryWindowView.swift; sourceTree = "<group>"; };
		286093D72C9B2F2900D0F341 /* SecondaryWindowView.swift */ = {isa = PBXFileReference; lastKnownFileType = sourcecode.swift; path = SecondaryWindowView.swift; sourceTree = "<group>"; };
		286093D92C9B2F3C00D0F341 /* ViewModel.swift */ = {isa = PBXFileReference; lastKnownFileType = sourcecode.swift; path = ViewModel.swift; sourceTree = "<group>"; };
		286093DB2C9B367800D0F341 /* NetworkManager.swift */ = {isa = PBXFileReference; lastKnownFileType = sourcecode.swift; path = NetworkManager.swift; sourceTree = "<group>"; };
/* End PBXFileReference section */

/* Begin PBXFrameworksBuildPhase section */
		286093AF2C9B2EEB00D0F341 /* Frameworks */ = {
			isa = PBXFrameworksBuildPhase;
			buildActionMask = 2147483647;
			files = (
				286093B82C9B2EEB00D0F341 /* RealityKitContent in Frameworks */,
			);
			runOnlyForDeploymentPostprocessing = 0;
		};
		286093C42C9B2EED00D0F341 /* Frameworks */ = {
			isa = PBXFrameworksBuildPhase;
			buildActionMask = 2147483647;
			files = (
			);
			runOnlyForDeploymentPostprocessing = 0;
		};
/* End PBXFrameworksBuildPhase section */

/* Begin PBXGroup section */
		286093A92C9B2EEB00D0F341 = {
			isa = PBXGroup;
			children = (
				286093B42C9B2EEB00D0F341 /* ArDiary2 */,
				286093B52C9B2EEB00D0F341 /* Packages */,
				286093CA2C9B2EED00D0F341 /* ArDiary2Tests */,
				286093B32C9B2EEB00D0F341 /* Products */,
			);
			sourceTree = "<group>";
		};
		286093B32C9B2EEB00D0F341 /* Products */ = {
			isa = PBXGroup;
			children = (
				286093B22C9B2EEB00D0F341 /* ArDiary2.app */,
				286093C72C9B2EED00D0F341 /* ArDiary2Tests.xctest */,
			);
			name = Products;
			sourceTree = "<group>";
		};
		286093B42C9B2EEB00D0F341 /* ArDiary2 */ = {
			isa = PBXGroup;
			children = (
				286093B92C9B2EEB00D0F341 /* ArDiary2App.swift */,
				286093BB2C9B2EEB00D0F341 /* ContentView.swift */,
				286093BD2C9B2EED00D0F341 /* Assets.xcassets */,
				286093C22C9B2EED00D0F341 /* Info.plist */,
				286093BF2C9B2EED00D0F341 /* Preview Content */,
				286093D52C9B2F1300D0F341 /* PrimaryWindowView.swift */,
				286093D72C9B2F2900D0F341 /* SecondaryWindowView.swift */,
				286093D92C9B2F3C00D0F341 /* ViewModel.swift */,
				286093DB2C9B367800D0F341 /* NetworkManager.swift */,
			);
			path = ArDiary2;
			sourceTree = "<group>";
		};
		286093B52C9B2EEB00D0F341 /* Packages */ = {
			isa = PBXGroup;
			children = (
				286093B62C9B2EEB00D0F341 /* RealityKitContent */,
			);
			path = Packages;
			sourceTree = "<group>";
		};
		286093BF2C9B2EED00D0F341 /* Preview Content */ = {
			isa = PBXGroup;
			children = (
				286093C02C9B2EED00D0F341 /* Preview Assets.xcassets */,
			);
			path = "Preview Content";
			sourceTree = "<group>";
		};
		286093CA2C9B2EED00D0F341 /* ArDiary2Tests */ = {
			isa = PBXGroup;
			children = (
				286093CB2C9B2EED00D0F341 /* ArDiary2Tests.swift */,
			);
			path = ArDiary2Tests;
			sourceTree = "<group>";
		};
/* End PBXGroup section */

/* Begin PBXNativeTarget section */
		286093B12C9B2EEB00D0F341 /* ArDiary2 */ = {
			isa = PBXNativeTarget;
			buildConfigurationList = 286093CF2C9B2EED00D0F341 /* Build configuration list for PBXNativeTarget "ArDiary2" */;
			buildPhases = (
				286093AE2C9B2EEB00D0F341 /* Sources */,
				286093AF2C9B2EEB00D0F341 /* Frameworks */,
				286093B02C9B2EEB00D0F341 /* Resources */,
			);
			buildRules = (
			);
			dependencies = (
			);
			name = ArDiary2;
			packageProductDependencies = (
				286093B72C9B2EEB00D0F341 /* RealityKitContent */,
			);
			productName = ArDiary2;
			productReference = 286093B22C9B2EEB00D0F341 /* ArDiary2.app */;
			productType = "com.apple.product-type.application";
		};
		286093C62C9B2EED00D0F341 /* ArDiary2Tests */ = {
			isa = PBXNativeTarget;
			buildConfigurationList = 286093D22C9B2EED00D0F341 /* Build configuration list for PBXNativeTarget "ArDiary2Tests" */;
			buildPhases = (
				286093C32C9B2EED00D0F341 /* Sources */,
				286093C42C9B2EED00D0F341 /* Frameworks */,
				286093C52C9B2EED00D0F341 /* Resources */,
			);
			buildRules = (
			);
			dependencies = (
				286093C92C9B2EED00D0F341 /* PBXTargetDependency */,
			);
			name = ArDiary2Tests;
			productName = ArDiary2Tests;
			productReference = 286093C72C9B2EED00D0F341 /* ArDiary2Tests.xctest */;
			productType = "com.apple.product-type.bundle.unit-test";
		};
/* End PBXNativeTarget section */

/* Begin PBXProject section */
		286093AA2C9B2EEB00D0F341 /* Project object */ = {
			isa = PBXProject;
			attributes = {
				BuildIndependentTargetsInParallel = 1;
				LastSwiftUpdateCheck = 1540;
				LastUpgradeCheck = 1540;
				TargetAttributes = {
					286093B12C9B2EEB00D0F341 = {
						CreatedOnToolsVersion = 15.4;
					};
					286093C62C9B2EED00D0F341 = {
						CreatedOnToolsVersion = 15.4;
						TestTargetID = 286093B12C9B2EEB00D0F341;
					};
				};
			};
			buildConfigurationList = 286093AD2C9B2EEB00D0F341 /* Build configuration list for PBXProject "ArDiary2" */;
			compatibilityVersion = "Xcode 14.0";
			developmentRegion = en;
			hasScannedForEncodings = 0;
			knownRegions = (
				en,
				Base,
			);
			mainGroup = 286093A92C9B2EEB00D0F341;
			productRefGroup = 286093B32C9B2EEB00D0F341 /* Products */;
			projectDirPath = "";
			projectRoot = "";
			targets = (
				286093B12C9B2EEB00D0F341 /* ArDiary2 */,
				286093C62C9B2EED00D0F341 /* ArDiary2Tests */,
			);
		};
/* End PBXProject section */

/* Begin PBXResourcesBuildPhase section */
		286093B02C9B2EEB00D0F341 /* Resources */ = {
			isa = PBXResourcesBuildPhase;
			buildActionMask = 2147483647;
			files = (
				286093C12C9B2EED00D0F341 /* Preview Assets.xcassets in Resources */,
				286093BE2C9B2EED00D0F341 /* Assets.xcassets in Resources */,
			);
			runOnlyForDeploymentPostprocessing = 0;
		};
		286093C52C9B2EED00D0F341 /* Resources */ = {
			isa = PBXResourcesBuildPhase;
			buildActionMask = 2147483647;
			files = (
			);
			runOnlyForDeploymentPostprocessing = 0;
		};
/* End PBXResourcesBuildPhase section */

/* Begin PBXSourcesBuildPhase section */
		286093AE2C9B2EEB00D0F341 /* Sources */ = {
			isa = PBXSourcesBuildPhase;
			buildActionMask = 2147483647;
			files = (
				286093DC2C9B367800D0F341 /* NetworkManager.swift in Sources */,
				286093DA2C9B2F3C00D0F341 /* ViewModel.swift in Sources */,
				286093D62C9B2F1300D0F341 /* PrimaryWindowView.swift in Sources */,
				286093BC2C9B2EEB00D0F341 /* ContentView.swift in Sources */,
				286093BA2C9B2EEB00D0F341 /* ArDiary2App.swift in Sources */,
				286093D82C9B2F2900D0F341 /* SecondaryWindowView.swift in Sources */,
			);
			runOnlyForDeploymentPostprocessing = 0;
		};
		286093C32C9B2EED00D0F341 /* Sources */ = {
			isa = PBXSourcesBuildPhase;
			buildActionMask = 2147483647;
			files = (
				286093CC2C9B2EED00D0F341 /* ArDiary2Tests.swift in Sources */,
			);
			runOnlyForDeploymentPostprocessing = 0;
		};
/* End PBXSourcesBuildPhase section */

/* Begin PBXTargetDependency section */
		286093C92C9B2EED00D0F341 /* PBXTargetDependency */ = {
			isa = PBXTargetDependency;
			target = 286093B12C9B2EEB00D0F341 /* ArDiary2 */;
			targetProxy = 286093C82C9B2EED00D0F341 /* PBXContainerItemProxy */;
		};
/* End PBXTargetDependency section */

/* Begin XCBuildConfiguration section */
		286093CD2C9B2EED00D0F341 /* Debug */ = {
			isa = XCBuildConfiguration;
			buildSettings = {
				ALWAYS_SEARCH_USER_PATHS = NO;
				ASSETCATALOG_COMPILER_GENERATE_SWIFT_ASSET_SYMBOL_EXTENSIONS = YES;
				CLANG_ANALYZER_NONNULL = YES;
				CLANG_ANALYZER_NUMBER_OBJECT_CONVERSION = YES_AGGRESSIVE;
				CLANG_CXX_LANGUAGE_STANDARD = "gnu++20";
				CLANG_ENABLE_MODULES = YES;
				CLANG_ENABLE_OBJC_ARC = YES;
				CLANG_ENABLE_OBJC_WEAK = YES;
				CLANG_WARN_BLOCK_CAPTURE_AUTORELEASING = YES;
				CLANG_WARN_BOOL_CONVERSION = YES;
				CLANG_WARN_COMMA = YES;
				CLANG_WARN_CONSTANT_CONVERSION = YES;
				CLANG_WARN_DEPRECATED_OBJC_IMPLEMENTATIONS = YES;
				CLANG_WARN_DIRECT_OBJC_ISA_USAGE = YES_ERROR;
				CLANG_WARN_DOCUMENTATION_COMMENTS = YES;
				CLANG_WARN_EMPTY_BODY = YES;
				CLANG_WARN_ENUM_CONVERSION = YES;
				CLANG_WARN_INFINITE_RECURSION = YES;
				CLANG_WARN_INT_CONVERSION = YES;
				CLANG_WARN_NON_LITERAL_NULL_CONVERSION = YES;
				CLANG_WARN_OBJC_IMPLICIT_RETAIN_SELF = YES;
				CLANG_WARN_OBJC_LITERAL_CONVERSION = YES;
				CLANG_WARN_OBJC_ROOT_CLASS = YES_ERROR;
				CLANG_WARN_QUOTED_INCLUDE_IN_FRAMEWORK_HEADER = YES;
				CLANG_WARN_RANGE_LOOP_ANALYSIS = YES;
				CLANG_WARN_STRICT_PROTOTYPES = YES;
				CLANG_WARN_SUSPICIOUS_MOVE = YES;
				CLANG_WARN_UNGUARDED_AVAILABILITY = YES_AGGRESSIVE;
				CLANG_WARN_UNREACHABLE_CODE = YES;
				CLANG_WARN__DUPLICATE_METHOD_MATCH = YES;
				COPY_PHASE_STRIP = NO;
				DEBUG_INFORMATION_FORMAT = dwarf;
				ENABLE_STRICT_OBJC_MSGSEND = YES;
				ENABLE_TESTABILITY = YES;
				ENABLE_USER_SCRIPT_SANDBOXING = YES;
				GCC_C_LANGUAGE_STANDARD = gnu17;
				GCC_DYNAMIC_NO_PIC = NO;
				GCC_NO_COMMON_BLOCKS = YES;
				GCC_OPTIMIZATION_LEVEL = 0;
				GCC_PREPROCESSOR_DEFINITIONS = (
					"DEBUG=1",
					"$(inherited)",
				);
				GCC_WARN_64_TO_32_BIT_CONVERSION = YES;
				GCC_WARN_ABOUT_RETURN_TYPE = YES_ERROR;
				GCC_WARN_UNDECLARED_SELECTOR = YES;
				GCC_WARN_UNINITIALIZED_AUTOS = YES_AGGRESSIVE;
				GCC_WARN_UNUSED_FUNCTION = YES;
				GCC_WARN_UNUSED_VARIABLE = YES;
				LOCALIZATION_PREFERS_STRING_CATALOGS = YES;
				MTL_ENABLE_DEBUG_INFO = INCLUDE_SOURCE;
				MTL_FAST_MATH = YES;
				ONLY_ACTIVE_ARCH = YES;
				SDKROOT = xros;
				SWIFT_ACTIVE_COMPILATION_CONDITIONS = "DEBUG $(inherited)";
				SWIFT_OPTIMIZATION_LEVEL = "-Onone";
				XROS_DEPLOYMENT_TARGET = 1.2;
			};
			name = Debug;
		};
		286093CE2C9B2EED00D0F341 /* Release */ = {
			isa = XCBuildConfiguration;
			buildSettings = {
				ALWAYS_SEARCH_USER_PATHS = NO;
				ASSETCATALOG_COMPILER_GENERATE_SWIFT_ASSET_SYMBOL_EXTENSIONS = YES;
				CLANG_ANALYZER_NONNULL = YES;
				CLANG_ANALYZER_NUMBER_OBJECT_CONVERSION = YES_AGGRESSIVE;
				CLANG_CXX_LANGUAGE_STANDARD = "gnu++20";
				CLANG_ENABLE_MODULES = YES;
				CLANG_ENABLE_OBJC_ARC = YES;
				CLANG_ENABLE_OBJC_WEAK = YES;
				CLANG_WARN_BLOCK_CAPTURE_AUTORELEASING = YES;
				CLANG_WARN_BOOL_CONVERSION = YES;
				CLANG_WARN_COMMA = YES;
				CLANG_WARN_CONSTANT_CONVERSION = YES;
				CLANG_WARN_DEPRECATED_OBJC_IMPLEMENTATIONS = YES;
				CLANG_WARN_DIRECT_OBJC_ISA_USAGE = YES_ERROR;
				CLANG_WARN_DOCUMENTATION_COMMENTS = YES;
				CLANG_WARN_EMPTY_BODY = YES;
				CLANG_WARN_ENUM_CONVERSION = YES;
				CLANG_WARN_INFINITE_RECURSION = YES;
				CLANG_WARN_INT_CONVERSION = YES;
				CLANG_WARN_NON_LITERAL_NULL_CONVERSION = YES;
				CLANG_WARN_OBJC_IMPLICIT_RETAIN_SELF = YES;
				CLANG_WARN_OBJC_LITERAL_CONVERSION = YES;
				CLANG_WARN_OBJC_ROOT_CLASS = YES_ERROR;
				CLANG_WARN_QUOTED_INCLUDE_IN_FRAMEWORK_HEADER = YES;
				CLANG_WARN_RANGE_LOOP_ANALYSIS = YES;
				CLANG_WARN_STRICT_PROTOTYPES = YES;
				CLANG_WARN_SUSPICIOUS_MOVE = YES;
				CLANG_WARN_UNGUARDED_AVAILABILITY = YES_AGGRESSIVE;
				CLANG_WARN_UNREACHABLE_CODE = YES;
				CLANG_WARN__DUPLICATE_METHOD_MATCH = YES;
				COPY_PHASE_STRIP = NO;
				DEBUG_INFORMATION_FORMAT = "dwarf-with-dsym";
				ENABLE_NS_ASSERTIONS = NO;
				ENABLE_STRICT_OBJC_MSGSEND = YES;
				ENABLE_USER_SCRIPT_SANDBOXING = YES;
				GCC_C_LANGUAGE_STANDARD = gnu17;
				GCC_NO_COMMON_BLOCKS = YES;
				GCC_WARN_64_TO_32_BIT_CONVERSION = YES;
				GCC_WARN_ABOUT_RETURN_TYPE = YES_ERROR;
				GCC_WARN_UNDECLARED_SELECTOR = YES;
				GCC_WARN_UNINITIALIZED_AUTOS = YES_AGGRESSIVE;
				GCC_WARN_UNUSED_FUNCTION = YES;
				GCC_WARN_UNUSED_VARIABLE = YES;
				LOCALIZATION_PREFERS_STRING_CATALOGS = YES;
				MTL_ENABLE_DEBUG_INFO = NO;
				MTL_FAST_MATH = YES;
				SDKROOT = xros;
				SWIFT_COMPILATION_MODE = wholemodule;
				VALIDATE_PRODUCT = YES;
				XROS_DEPLOYMENT_TARGET = 1.2;
			};
			name = Release;
		};
		286093D02C9B2EED00D0F341 /* Debug */ = {
			isa = XCBuildConfiguration;
			buildSettings = {
				ASSETCATALOG_COMPILER_APPICON_NAME = AppIcon;
				ASSETCATALOG_COMPILER_GLOBAL_ACCENT_COLOR_NAME = AccentColor;
				CODE_SIGN_STYLE = Automatic;
				CURRENT_PROJECT_VERSION = 1;
				DEVELOPMENT_ASSET_PATHS = "\"ArDiary2/Preview Content\"";
				DEVELOPMENT_TEAM = V94N694SFZ;
				ENABLE_PREVIEWS = YES;
				GENERATE_INFOPLIST_FILE = YES;
				INFOPLIST_FILE = "$(TARGET_NAME)/Info.plist";
				LD_RUNPATH_SEARCH_PATHS = (
					"$(inherited)",
					"@executable_path/Frameworks",
				);
				MARKETING_VERSION = 1.0;
				PRODUCT_BUNDLE_IDENTIFIER = ArDiary.ArDiary2;
				PRODUCT_NAME = "$(TARGET_NAME)";
				SUPPORTED_PLATFORMS = "xros xrsimulator";
				SWIFT_EMIT_LOC_STRINGS = YES;
				SWIFT_VERSION = 5.0;
				TARGETED_DEVICE_FAMILY = "1,2,7";
			};
			name = Debug;
		};
		286093D12C9B2EED00D0F341 /* Release */ = {
			isa = XCBuildConfiguration;
			buildSettings = {
				ASSETCATALOG_COMPILER_APPICON_NAME = AppIcon;
				ASSETCATALOG_COMPILER_GLOBAL_ACCENT_COLOR_NAME = AccentColor;
				CODE_SIGN_STYLE = Automatic;
				CURRENT_PROJECT_VERSION = 1;
				DEVELOPMENT_ASSET_PATHS = "\"ArDiary2/Preview Content\"";
				DEVELOPMENT_TEAM = V94N694SFZ;
				ENABLE_PREVIEWS = YES;
				GENERATE_INFOPLIST_FILE = YES;
				INFOPLIST_FILE = "$(TARGET_NAME)/Info.plist";
				LD_RUNPATH_SEARCH_PATHS = (
					"$(inherited)",
					"@executable_path/Frameworks",
				);
				MARKETING_VERSION = 1.0;
				PRODUCT_BUNDLE_IDENTIFIER = ArDiary.ArDiary2;
				PRODUCT_NAME = "$(TARGET_NAME)";
				SUPPORTED_PLATFORMS = "xros xrsimulator";
				SWIFT_EMIT_LOC_STRINGS = YES;
				SWIFT_VERSION = 5.0;
				TARGETED_DEVICE_FAMILY = "1,2,7";
			};
			name = Release;
		};
		286093D32C9B2EED00D0F341 /* Debug */ = {
			isa = XCBuildConfiguration;
			buildSettings = {
				ALWAYS_EMBED_SWIFT_STANDARD_LIBRARIES = YES;
				BUNDLE_LOADER = "$(TEST_HOST)";
				CODE_SIGN_STYLE = Automatic;
				CURRENT_PROJECT_VERSION = 1;
				DEVELOPMENT_TEAM = V94N694SFZ;
				GENERATE_INFOPLIST_FILE = YES;
				MARKETING_VERSION = 1.0;
				PRODUCT_BUNDLE_IDENTIFIER = ArDiary.ArDiary2Tests;
				PRODUCT_NAME = "$(TARGET_NAME)";
				SUPPORTED_PLATFORMS = "xros xrsimulator";
				SWIFT_EMIT_LOC_STRINGS = NO;
				SWIFT_VERSION = 5.0;
				TARGETED_DEVICE_FAMILY = "1,2,7";
				TEST_HOST = "$(BUILT_PRODUCTS_DIR)/ArDiary2.app/$(BUNDLE_EXECUTABLE_FOLDER_PATH)/ArDiary2";
				XROS_DEPLOYMENT_TARGET = 1.2;
			};
			name = Debug;
		};
		286093D42C9B2EED00D0F341 /* Release */ = {
			isa = XCBuildConfiguration;
			buildSettings = {
				ALWAYS_EMBED_SWIFT_STANDARD_LIBRARIES = YES;
				BUNDLE_LOADER = "$(TEST_HOST)";
				CODE_SIGN_STYLE = Automatic;
				CURRENT_PROJECT_VERSION = 1;
				DEVELOPMENT_TEAM = V94N694SFZ;
				GENERATE_INFOPLIST_FILE = YES;
				MARKETING_VERSION = 1.0;
				PRODUCT_BUNDLE_IDENTIFIER = ArDiary.ArDiary2Tests;
				PRODUCT_NAME = "$(TARGET_NAME)";
				SUPPORTED_PLATFORMS = "xros xrsimulator";
				SWIFT_EMIT_LOC_STRINGS = NO;
				SWIFT_VERSION = 5.0;
				TARGETED_DEVICE_FAMILY = "1,2,7";
				TEST_HOST = "$(BUILT_PRODUCTS_DIR)/ArDiary2.app/$(BUNDLE_EXECUTABLE_FOLDER_PATH)/ArDiary2";
				XROS_DEPLOYMENT_TARGET = 1.2;
			};
			name = Release;
		};
/* End XCBuildConfiguration section */

/* Begin XCConfigurationList section */
		286093AD2C9B2EEB00D0F341 /* Build configuration list for PBXProject "ArDiary2" */ = {
			isa = XCConfigurationList;
			buildConfigurations = (
				286093CD2C9B2EED00D0F341 /* Debug */,
				286093CE2C9B2EED00D0F341 /* Release */,
			);
			defaultConfigurationIsVisible = 0;
			defaultConfigurationName = Release;
		};
		286093CF2C9B2EED00D0F341 /* Build configuration list for PBXNativeTarget "ArDiary2" */ = {
			isa = XCConfigurationList;
			buildConfigurations = (
				286093D02C9B2EED00D0F341 /* Debug */,
				286093D12C9B2EED00D0F341 /* Release */,
			);
			defaultConfigurationIsVisible = 0;
			defaultConfigurationName = Release;
		};
		286093D22C9B2EED00D0F341 /* Build configuration list for PBXNativeTarget "ArDiary2Tests" */ = {
			isa = XCConfigurationList;
			buildConfigurations = (
				286093D32C9B2EED00D0F341 /* Debug */,
				286093D42C9B2EED00D0F341 /* Release */,
			);
			defaultConfigurationIsVisible = 0;
			defaultConfigurationName = Release;
		};
/* End XCConfigurationList section */

/* Begin XCSwiftPackageProductDependency section */
		286093B72C9B2EEB00D0F341 /* RealityKitContent */ = {
			isa = XCSwiftPackageProductDependency;
			productName = RealityKitContent;
		};
/* End XCSwiftPackageProductDependency section */
	};
	rootObject = 286093AA2C9B2EEB00D0F341 /* Project object */;
}
